GEM
  remote: https://rubygems.org/
  specs:
    bigdecimal (4.0.1)
    google-protobuf (4.33.4)
      bigdecimal
      rake (>= 13)
    google-protobuf (4.33.4-aarch64-linux-gnu)
      bigdecimal
      rake (>= 13)
    google-protobuf (4.33.4-aarch64-linux-musl)
      bigdecimal
      rake (>= 13)
    google-protobuf (4.33.4-arm64-darwin)
      bigdecimal
      rake (>= 13)
    google-protobuf (4.33.4-x86-linux-gnu)
      bigdecimal
      rake (>= 13)
    google-protobuf (4.33.4-x86-linux-musl)
      bigdecimal
      rake (>= 13)
    google-protobuf (4.33.4-x86_64-darwin)
      bigdecimal
      rake (>= 13)
    google-protobuf (4.33.4-x86_64-linux-gnu)
      bigdecimal
      rake (>= 13)
    google-protobuf (4.33.4-x86_64-linux-musl)
      bigdecimal
      rake (>= 13)
    googleapis-common-protos-types (1.22.0)
      google-protobuf (~> 4.26)
    grpc (1.76.0)
      google-protobuf (>= 3.25, < 5.0)
      googleapis-common-protos-types (~> 1.0)
    grpc (1.76.0-aarch64-linux-gnu)
      google-protobuf (>= 3.25, < 5.0)
      googleapis-common-protos-types (~> 1.0)
    grpc (1.76.0-aarch64-linux-musl)
      google-protobuf (>= 3.25, < 5.0)
      googleapis-common-protos-types (~> 1.0)
    grpc (1.76.0-arm64-darwin)
      google-protobuf (>= 3.25, < 5.0)
      googleapis-common-protos-types (~> 1.0)
    grpc (1.76.0-x86-linux-gnu)
      google-protobuf (>= 3.25, < 5.0)
      googleapis-common-protos-types (~> 1.0)
    grpc (1.76.0-x86-linux-musl)
      google-protobuf (>= 3.25, < 5.0)
      googleapis-common-protos-types (~> 1.0)
    grpc (1.76.0-x86_64-darwin)
      google-protobuf (>= 3.25, < 5.0)
      googleapis-common-protos-types (~> 1.0)
    grpc (1.76.0-x86_64-linux-gnu)
      google-protobuf (>= 3.25, < 5.0)
      googleapis-common-protos-types (~> 1.0)
    grpc (1.76.0-x86_64-linux-musl)
      google-protobuf (>= 3.25, < 5.0)
      googleapis-common-protos-types (~> 1.0)
    grpc-tools (1.76.0)
    rake (13.3.1)

PLATFORMS
  aarch64-linux-gnu
  aarch64-linux-musl
  arm64-darwin
  ruby
  x86-linux-gnu
  x86-linux-musl
  x86_64-darwin
  x86_64-linux-gnu
  x86_64-linux-musl

DEPENDENCIES
  google-protobuf
  grpc
  grpc-tools

BUNDLED WITH
   2.6.2
